
Microsoft Visual Studio Solution File, Format Version 12.00
# Visual Studio 2013
VisualStudioVersion = 12.0.40629.0
MinimumVisualStudioVersion = 10.0.40219.1
Project("{2150E333-8FDC-42A3-9474-1A3956D46DE8}") = "Framework", "Framework", "{BB6A075C-45D1-4985-A6FD-70327CC34ADC}"
EndProject
Project("{2150E333-8FDC-42A3-9474-1A3956D46DE8}") = "Site", "Site", "{0A82FB39-D0A9-4471-B17E-ECB3C3EF98DE}"
EndProject
Project("{FAE04EC0-301F-11D3-BF4B-00C04F79EFBC}") = "Tie.Core", "..\..\Tie\Tie.Core\Tie.Core.csproj", "{D7193A99-20AE-40C4-A864-8ED33DE6C2E4}"
EndProject
Project("{FAE04EC0-301F-11D3-BF4B-00C04F79EFBC}") = "Tie.Data", "..\..\Tie\Tie.Data\Tie.Data.csproj", "{11BFEF6A-F9AA-46D3-BB73-964CA2FB51CD}"
EndProject
Project("{FAE04EC0-301F-11D3-BF4B-00C04F79EFBC}") = "Tie.Web", "..\..\Tie\Tie.Web\Tie.Web.csproj", "{A21F85D7-C763-4399-BC40-745EFAA93A78}"
EndProject
Project("{FAE04EC0-301F-11D3-BF4B-00C04F79EFBC}") = "TieCMS", "TieCMS\TieCMS.csproj", "{60632405-E16F-4AA1-AD63-372D425B11CB}"
EndProject
Project("{FAE04EC0-301F-11D3-BF4B-00C04F79EFBC}") = "Tie.Controls.Bootstrap", "..\..\Tie.Controls.Bootstrap\Tie.Controls.Bootstrap\Tie.Controls.Bootstrap.csproj", "{08F21F1D-3746-4095-984C-0A22D333CFE5}"
EndProject
Global
	GlobalSection(SolutionConfigurationPlatforms) = preSolution
		Debug|Any CPU = Debug|Any CPU
		Release|Any CPU = Release|Any CPU
	EndGlobalSection
	GlobalSection(ProjectConfigurationPlatforms) = postSolution
		{D7193A99-20AE-40C4-A864-8ED33DE6C2E4}.Debug|Any CPU.ActiveCfg = Debug|Any CPU
		{D7193A99-20AE-40C4-A864-8ED33DE6C2E4}.Debug|Any CPU.Build.0 = Debug|Any CPU
		{D7193A99-20AE-40C4-A864-8ED33DE6C2E4}.Release|Any CPU.ActiveCfg = Release|Any CPU
		{D7193A99-20AE-40C4-A864-8ED33DE6C2E4}.Release|Any CPU.Build.0 = Release|Any CPU
		{11BFEF6A-F9AA-46D3-BB73-964CA2FB51CD}.Debug|Any CPU.ActiveCfg = Debug|Any CPU
		{11BFEF6A-F9AA-46D3-BB73-964CA2FB51CD}.Debug|Any CPU.Build.0 = Debug|Any CPU
		{11BFEF6A-F9AA-46D3-BB73-964CA2FB51CD}.Release|Any CPU.ActiveCfg = Release|Any CPU
		{11BFEF6A-F9AA-46D3-BB73-964CA2FB51CD}.Release|Any CPU.Build.0 = Release|Any CPU
		{A21F85D7-C763-4399-BC40-745EFAA93A78}.Debug|Any CPU.ActiveCfg = Debug|Any CPU
		{A21F85D7-C763-4399-BC40-745EFAA93A78}.Debug|Any CPU.Build.0 = Debug|Any CPU
		{A21F85D7-C763-4399-BC40-745EFAA93A78}.Release|Any CPU.ActiveCfg = Release|Any CPU
		{A21F85D7-C763-4399-BC40-745EFAA93A78}.Release|Any CPU.Build.0 = Release|Any CPU
		{60632405-E16F-4AA1-AD63-372D425B11CB}.Debug|Any CPU.ActiveCfg = Debug|Any CPU
		{60632405-E16F-4AA1-AD63-372D425B11CB}.Debug|Any CPU.Build.0 = Debug|Any CPU
		{60632405-E16F-4AA1-AD63-372D425B11CB}.Release|Any CPU.ActiveCfg = Release|Any CPU
		{60632405-E16F-4AA1-AD63-372D425B11CB}.Release|Any CPU.Build.0 = Release|Any CPU
		{08F21F1D-3746-4095-984C-0A22D333CFE5}.Debug|Any CPU.ActiveCfg = Debug|Any CPU
		{08F21F1D-3746-4095-984C-0A22D333CFE5}.Debug|Any CPU.Build.0 = Debug|Any CPU
		{08F21F1D-3746-4095-984C-0A22D333CFE5}.Release|Any CPU.ActiveCfg = Release|Any CPU
		{08F21F1D-3746-4095-984C-0A22D333CFE5}.Release|Any CPU.Build.0 = Release|Any CPU
	EndGlobalSection
	GlobalSection(SolutionProperties) = preSolution
		HideSolutionNode = FALSE
	EndGlobalSection
	GlobalSection(NestedProjects) = preSolution
		{D7193A99-20AE-40C4-A864-8ED33DE6C2E4} = {BB6A075C-45D1-4985-A6FD-70327CC34ADC}
		{11BFEF6A-F9AA-46D3-BB73-964CA2FB51CD} = {BB6A075C-45D1-4985-A6FD-70327CC34ADC}
		{A21F85D7-C763-4399-BC40-745EFAA93A78} = {BB6A075C-45D1-4985-A6FD-70327CC34ADC}
		{60632405-E16F-4AA1-AD63-372D425B11CB} = {0A82FB39-D0A9-4471-B17E-ECB3C3EF98DE}
		{08F21F1D-3746-4095-984C-0A22D333CFE5} = {BB6A075C-45D1-4985-A6FD-70327CC34ADC}
	EndGlobalSection
EndGlobal
